
Microsoft Visual Studio Solution File, Format Version 12.00
# Visual Studio Version 16
VisualStudioVersion = 16.0.30804.86
MinimumVisualStudioVersion = 10.0.40219.1
Project("{FAE04EC0-301F-11D3-BF4B-00C04F79EFBC}") = "Mbook_ASP", "Mbook_ASP\Mbook_ASP.csproj", "{F8D3E705-41E4-4319-B7D3-F95695DD85A4}"
EndProject
Project("{FAE04EC0-301F-11D3-BF4B-00C04F79EFBC}") = "MbookDatabaseAccess", "MbookDatabaseAccess\MbookDatabaseAccess.csproj", "{3B40A74D-86AF-498F-A690-C93786EF0576}"
EndProject
Global
	GlobalSection(SolutionConfigurationPlatforms) = preSolution
		Debug|Any CPU = Debug|Any CPU
		Release|Any CPU = Release|Any CPU
	EndGlobalSection
	GlobalSection(ProjectConfigurationPlatforms) = postSolution
		{F8D3E705-41E4-4319-B7D3-F95695DD85A4}.Debug|Any CPU.ActiveCfg = Debug|Any CPU
		{F8D3E705-41E4-4319-B7D3-F95695DD85A4}.Debug|Any CPU.Build.0 = Debug|Any CPU
		{F8D3E705-41E4-4319-B7D3-F95695DD85A4}.Release|Any CPU.ActiveCfg = Release|Any CPU
		{F8D3E705-41E4-4319-B7D3-F95695DD85A4}.Release|Any CPU.Build.0 = Release|Any CPU
		{3B40A74D-86AF-498F-A690-C93786EF0576}.Debug|Any CPU.ActiveCfg = Debug|Any CPU
		{3B40A74D-86AF-498F-A690-C93786EF0576}.Debug|Any CPU.Build.0 = Debug|Any CPU
		{3B40A74D-86AF-498F-A690-C93786EF0576}.Release|Any CPU.ActiveCfg = Release|Any CPU
		{3B40A74D-86AF-498F-A690-C93786EF0576}.Release|Any CPU.Build.0 = Release|Any CPU
	EndGlobalSection
	GlobalSection(SolutionProperties) = preSolution
		HideSolutionNode = FALSE
	EndGlobalSection
	GlobalSection(ExtensibilityGlobals) = postSolution
		SolutionGuid = {F5854111-4F4D-43DE-B765-FBA2E71DC9AA}
	EndGlobalSection
EndGlobal
